
Microsoft Visual Studio Solution File, Format Version 12.00
# Visual Studio Version 16
VisualStudioVersion = 16.0.29519.87
MinimumVisualStudioVersion = 10.0.40219.1
Project("{FAE04EC0-301F-11D3-BF4B-00C04F79EFBC}") = "Inventory Management System", "Inventory Management System.csproj", "{2799A500-49AB-416D-9DC7-F5CED39FB7AB}"
EndProject
Global
	GlobalSection(SolutionConfigurationPlatforms) = preSolution
		Debug|Any CPU = Debug|Any CPU
		Release|Any CPU = Release|Any CPU
	EndGlobalSection
	GlobalSection(ProjectConfigurationPlatforms) = postSolution
		{2799A500-49AB-416D-9DC7-F5CED39FB7AB}.Debug|Any CPU.ActiveCfg = Debug|Any CPU
		{2799A500-49AB-416D-9DC7-F5CED39FB7AB}.Debug|Any CPU.Build.0 = Debug|Any CPU
		{2799A500-49AB-416D-9DC7-F5CED39FB7AB}.Release|Any CPU.ActiveCfg = Release|Any CPU
		{2799A500-49AB-416D-9DC7-F5CED39FB7AB}.Release|Any CPU.Build.0 = Release|Any CPU
	EndGlobalSection
	GlobalSection(SolutionProperties) = preSolution
		HideSolutionNode = FALSE
	EndGlobalSection
	GlobalSection(ExtensibilityGlobals) = postSolution
		SolutionGuid = {1E2340EA-50B7-4903-9676-89F1C5CF449A}
	EndGlobalSection
EndGlobal
